
Microsoft Visual Studio Solution File, Format Version 12.00
# Visual Studio 15
VisualStudioVersion = 15.0.28307.757
MinimumVisualStudioVersion = 10.0.40219.1
Project("{8BC9CEB8-8B4A-11D0-8D11-00A0C91BC942}") = "GameApplication", "GameApplication\GameApplication.vcxproj", "{BE094923-C345-468B-BF1A-293599BE75B4}"
EndProject
Project("{8BC9CEB8-8B4A-11D0-8D11-00A0C91BC942}") = "GameEngine", "GameEngine\GameEngine.vcxproj", "{D141F6CA-6348-420F-8FFE-25351285308B}"
EndProject
Project("{2150E333-8FDC-42A3-9474-1A3956D46DE8}") = "Android", "Android", "{7EE1521C-BF4C-4BFD-9B5A-211964DE562E}"
	ProjectSection(SolutionItems) = preProject
		build.gradle = build.gradle
		GameApplication\build.gradle = GameApplication\build.gradle
		gradle.properties = gradle.properties
		settings.gradle = settings.gradle
	EndProjectSection
EndProject
Project("{2150E333-8FDC-42A3-9474-1A3956D46DE8}") = "Solution Items", "Solution Items", "{F36B86B2-9552-4781-8B9A-60F5C933EE86}"
	ProjectSection(SolutionItems) = preProject
		README.TXT = README.TXT
	EndProjectSection
EndProject
Global
	GlobalSection(SolutionConfigurationPlatforms) = preSolution
		Asan|Android-arm64-v8a = Asan|Android-arm64-v8a
		Asan|Android-x86_64 = Asan|Android-x86_64
		Asan|x64 = Asan|x64
		Asan|x86 = Asan|x86
		Debug|Android-arm64-v8a = Debug|Android-arm64-v8a
		Debug|Android-x86_64 = Debug|Android-x86_64
		Debug|x64 = Debug|x64
		Debug|x86 = Debug|x86
		HWAsan|Android-arm64-v8a = HWAsan|Android-arm64-v8a
		HWAsan|Android-x86_64 = HWAsan|Android-x86_64
		HWAsan|x64 = HWAsan|x64
		HWAsan|x86 = HWAsan|x86
		Release|Android-arm64-v8a = Release|Android-arm64-v8a
		Release|Android-x86_64 = Release|Android-x86_64
		Release|x64 = Release|x64
		Release|x86 = Release|x86
	EndGlobalSection
	GlobalSection(ProjectConfigurationPlatforms) = postSolution
		{BE094923-C345-468B-BF1A-293599BE75B4}.Asan|Android-arm64-v8a.ActiveCfg = Asan|Android-arm64-v8a
		{BE094923-C345-468B-BF1A-293599BE75B4}.Asan|Android-arm64-v8a.Build.0 = Asan|Android-arm64-v8a
		{BE094923-C345-468B-BF1A-293599BE75B4}.Asan|Android-x86_64.ActiveCfg = Asan|Android-x86_64
		{BE094923-C345-468B-BF1A-293599BE75B4}.Asan|Android-x86_64.Build.0 = Asan|Android-x86_64
		{BE094923-C345-468B-BF1A-293599BE75B4}.Asan|x64.ActiveCfg = Asan|x64
		{BE094923-C345-468B-BF1A-293599BE75B4}.Asan|x64.Build.0 = Asan|x64
		{BE094923-C345-468B-BF1A-293599BE75B4}.Asan|x86.ActiveCfg = Asan|Win32
		{BE094923-C345-468B-BF1A-293599BE75B4}.Asan|x86.Build.0 = Asan|Win32
		{BE094923-C345-468B-BF1A-293599BE75B4}.Debug|Android-arm64-v8a.ActiveCfg = Debug|Android-arm64-v8a
		{BE094923-C345-468B-BF1A-293599BE75B4}.Debug|Android-arm64-v8a.Build.0 = Debug|Android-arm64-v8a
		{BE094923-C345-468B-BF1A-293599BE75B4}.Debug|Android-x86_64.ActiveCfg = Debug|Android-x86_64
		{BE094923-C345-468B-BF1A-293599BE75B4}.Debug|Android-x86_64.Build.0 = Debug|Android-x86_64
		{BE094923-C345-468B-BF1A-293599BE75B4}.Debug|x64.ActiveCfg = Debug|x64
		{BE094923-C345-468B-BF1A-293599BE75B4}.Debug|x64.Build.0 = Debug|x64
		{BE094923-C345-468B-BF1A-293599BE75B4}.Debug|x86.ActiveCfg = Debug|Win32
		{BE094923-C345-468B-BF1A-293599BE75B4}.Debug|x86.Build.0 = Debug|Win32
		{BE094923-C345-468B-BF1A-293599BE75B4}.HWAsan|Android-arm64-v8a.ActiveCfg = HWAsan|Android-arm64-v8a
		{BE094923-C345-468B-BF1A-293599BE75B4}.HWAsan|Android-arm64-v8a.Build.0 = HWAsan|Android-arm64-v8a
		{BE094923-C345-468B-BF1A-293599BE75B4}.HWAsan|Android-x86_64.ActiveCfg = HWAsan|Android-x86_64
		{BE094923-C345-468B-BF1A-293599BE75B4}.HWAsan|Android-x86_64.Build.0 = HWAsan|Android-x86_64
		{BE094923-C345-468B-BF1A-293599BE75B4}.HWAsan|x64.ActiveCfg = HWAsan|x64
		{BE094923-C345-468B-BF1A-293599BE75B4}.HWAsan|x64.Build.0 = HWAsan|x64
		{BE094923-C345-468B-BF1A-293599BE75B4}.HWAsan|x86.ActiveCfg = HWAsan|Win32
		{BE094923-C345-468B-BF1A-293599BE75B4}.HWAsan|x86.Build.0 = HWAsan|Win32
		{BE094923-C345-468B-BF1A-293599BE75B4}.Release|Android-arm64-v8a.ActiveCfg = Release|Android-arm64-v8a
		{BE094923-C345-468B-BF1A-293599BE75B4}.Release|Android-arm64-v8a.Build.0 = Release|Android-arm64-v8a
		{BE094923-C345-468B-BF1A-293599BE75B4}.Release|Android-x86_64.ActiveCfg = Release|Android-x86_64
		{BE094923-C345-468B-BF1A-293599BE75B4}.Release|Android-x86_64.Build.0 = Release|Android-x86_64
		{BE094923-C345-468B-BF1A-293599BE75B4}.Release|x64.ActiveCfg = Release|x64
		{BE094923-C345-468B-BF1A-293599BE75B4}.Release|x64.Build.0 = Release|x64
		{BE094923-C345-468B-BF1A-293599BE75B4}.Release|x86.ActiveCfg = Release|Win32
		{BE094923-C345-468B-BF1A-293599BE75B4}.Release|x86.Build.0 = Release|Win32
		{D141F6CA-6348-420F-8FFE-25351285308B}.Asan|Android-arm64-v8a.ActiveCfg = Asan|Android-arm64-v8a
		{D141F6CA-6348-420F-8FFE-25351285308B}.Asan|Android-arm64-v8a.Build.0 = Asan|Android-arm64-v8a
		{D141F6CA-6348-420F-8FFE-25351285308B}.Asan|Android-x86_64.ActiveCfg = Asan|Android-x86_64
		{D141F6CA-6348-420F-8FFE-25351285308B}.Asan|Android-x86_64.Build.0 = Asan|Android-x86_64
		{D141F6CA-6348-420F-8FFE-25351285308B}.Asan|x64.ActiveCfg = Asan|x64
		{D141F6CA-6348-420F-8FFE-25351285308B}.Asan|x64.Build.0 = Asan|x64
		{D141F6CA-6348-420F-8FFE-25351285308B}.Asan|x86.ActiveCfg = Asan|Win32
		{D141F6CA-6348-420F-8FFE-25351285308B}.Asan|x86.Build.0 = Asan|Win32
		{D141F6CA-6348-420F-8FFE-25351285308B}.Debug|Android-arm64-v8a.ActiveCfg = Debug|Android-arm64-v8a
		{D141F6CA-6348-420F-8FFE-25351285308B}.Debug|Android-arm64-v8a.Build.0 = Debug|Android-arm64-v8a
		{D141F6CA-6348-420F-8FFE-25351285308B}.Debug|Android-x86_64.ActiveCfg = Debug|Android-x86_64
		{D141F6CA-6348-420F-8FFE-25351285308B}.Debug|Android-x86_64.Build.0 = Debug|Android-x86_64
		{D141F6CA-6348-420F-8FFE-25351285308B}.Debug|x64.ActiveCfg = Debug|x64
		{D141F6CA-6348-420F-8FFE-25351285308B}.Debug|x64.Build.0 = Debug|x64
		{D141F6CA-6348-420F-8FFE-25351285308B}.Debug|x86.ActiveCfg = Debug|Win32
		{D141F6CA-6348-420F-8FFE-25351285308B}.Debug|x86.Build.0 = Debug|Win32
		{D141F6CA-6348-420F-8FFE-25351285308B}.HWAsan|Android-arm64-v8a.ActiveCfg = HWAsan|Android-arm64-v8a
		{D141F6CA-6348-420F-8FFE-25351285308B}.HWAsan|Android-arm64-v8a.Build.0 = HWAsan|Android-arm64-v8a
		{D141F6CA-6348-420F-8FFE-25351285308B}.HWAsan|Android-x86_64.ActiveCfg = HWAsan|Android-x86_64
		{D141F6CA-6348-420F-8FFE-25351285308B}.HWAsan|Android-x86_64.Build.0 = HWAsan|Android-x86_64
		{D141F6CA-6348-420F-8FFE-25351285308B}.HWAsan|x64.ActiveCfg = HWAsan|x64
		{D141F6CA-6348-420F-8FFE-25351285308B}.HWAsan|x64.Build.0 = HWAsan|x64
		{D141F6CA-6348-420F-8FFE-25351285308B}.HWAsan|x86.ActiveCfg = HWAsan|Win32
		{D141F6CA-6348-420F-8FFE-25351285308B}.HWAsan|x86.Build.0 = HWAsan|Win32
		{D141F6CA-6348-420F-8FFE-25351285308B}.Release|Android-arm64-v8a.ActiveCfg = Release|Android-arm64-v8a
		{D141F6CA-6348-420F-8FFE-25351285308B}.Release|Android-arm64-v8a.Build.0 = Release|Android-arm64-v8a
		{D141F6CA-6348-420F-8FFE-25351285308B}.Release|Android-x86_64.ActiveCfg = Release|Android-x86_64
		{D141F6CA-6348-420F-8FFE-25351285308B}.Release|Android-x86_64.Build.0 = Release|Android-x86_64
		{D141F6CA-6348-420F-8FFE-25351285308B}.Release|x64.ActiveCfg = Release|x64
		{D141F6CA-6348-420F-8FFE-25351285308B}.Release|x64.Build.0 = Release|x64
		{D141F6CA-6348-420F-8FFE-25351285308B}.Release|x86.ActiveCfg = Release|Win32
		{D141F6CA-6348-420F-8FFE-25351285308B}.Release|x86.Build.0 = Release|Win32
	EndGlobalSection
	GlobalSection(SolutionProperties) = preSolution
		HideSolutionNode = FALSE
	EndGlobalSection
	GlobalSection(ExtensibilityGlobals) = postSolution
		SolutionGuid = {3527758E-8F11-4833-9760-64146636953B}
	EndGlobalSection
EndGlobal
