
Microsoft Visual Studio Solution File, Format Version 12.00
# Visual Studio 15
VisualStudioVersion = 15.0.28307.852
MinimumVisualStudioVersion = 10.0.40219.1
Project("{8BC9CEB8-8B4A-11D0-8D11-00A0C91BC942}") = "endless-tunnel", "endless-tunnel\endless-tunnel.vcxproj", "{A07AF0E9-6E4E-4BED-B8AB-5E3F565E639D}"
	ProjectSection(ProjectDependencies) = postProject
		{382D675A-9F29-4D9E-925A-F89A295A3012} = {382D675A-9F29-4D9E-925A-F89A295A3012}
		{991F34D0-E1E0-4833-ABA3-25AF229BC6D5} = {991F34D0-E1E0-4833-ABA3-25AF229BC6D5}
	EndProjectSection
EndProject
Project("{8BC9CEB8-8B4A-11D0-8D11-00A0C91BC942}") = "native_app_glue", "native_app_glue\native_app_glue.vcxproj", "{382D675A-9F29-4D9E-925A-F89A295A3012}"
EndProject
Project("{8BC9CEB8-8B4A-11D0-8D11-00A0C91BC942}") = "glm", "third_party\glm\glm.vcxproj", "{991F34D0-E1E0-4833-ABA3-25AF229BC6D5}"
EndProject
Global
	GlobalSection(SolutionConfigurationPlatforms) = preSolution
		Debug|Android-arm64-v8a = Debug|Android-arm64-v8a
		Debug|Android-armeabi-v7a = Debug|Android-armeabi-v7a
		Debug|Android-x86 = Debug|Android-x86
		Debug|Android-x86_64 = Debug|Android-x86_64
		Debug|x64 = Debug|x64
		Debug|x86 = Debug|x86
		Instrumented|Android-arm64-v8a = Instrumented|Android-arm64-v8a
		Instrumented|Android-armeabi-v7a = Instrumented|Android-armeabi-v7a
		Instrumented|Android-x86 = Instrumented|Android-x86
		Instrumented|Android-x86_64 = Instrumented|Android-x86_64
		Instrumented|x64 = Instrumented|x64
		Instrumented|x86 = Instrumented|x86
		Optimized|Android-arm64-v8a = Optimized|Android-arm64-v8a
		Optimized|Android-armeabi-v7a = Optimized|Android-armeabi-v7a
		Optimized|Android-x86 = Optimized|Android-x86
		Optimized|Android-x86_64 = Optimized|Android-x86_64
		Optimized|x64 = Optimized|x64
		Optimized|x86 = Optimized|x86
		Release|Android-arm64-v8a = Release|Android-arm64-v8a
		Release|Android-armeabi-v7a = Release|Android-armeabi-v7a
		Release|Android-x86 = Release|Android-x86
		Release|Android-x86_64 = Release|Android-x86_64
		Release|x64 = Release|x64
		Release|x86 = Release|x86
	EndGlobalSection
	GlobalSection(ProjectConfigurationPlatforms) = postSolution
		{A07AF0E9-6E4E-4BED-B8AB-5E3F565E639D}.Debug|Android-arm64-v8a.ActiveCfg = Debug|Android-arm64-v8a
		{A07AF0E9-6E4E-4BED-B8AB-5E3F565E639D}.Debug|Android-arm64-v8a.Build.0 = Debug|Android-arm64-v8a
		{A07AF0E9-6E4E-4BED-B8AB-5E3F565E639D}.Debug|Android-armeabi-v7a.ActiveCfg = Debug|Android-armeabi-v7a
		{A07AF0E9-6E4E-4BED-B8AB-5E3F565E639D}.Debug|Android-armeabi-v7a.Build.0 = Debug|Android-armeabi-v7a
		{A07AF0E9-6E4E-4BED-B8AB-5E3F565E639D}.Debug|Android-x86.ActiveCfg = Debug|Android-x86
		{A07AF0E9-6E4E-4BED-B8AB-5E3F565E639D}.Debug|Android-x86.Build.0 = Debug|Android-x86
		{A07AF0E9-6E4E-4BED-B8AB-5E3F565E639D}.Debug|Android-x86_64.ActiveCfg = Debug|Android-x86_64
		{A07AF0E9-6E4E-4BED-B8AB-5E3F565E639D}.Debug|Android-x86_64.Build.0 = Debug|Android-x86_64
		{A07AF0E9-6E4E-4BED-B8AB-5E3F565E639D}.Debug|x64.ActiveCfg = Debug|x64
		{A07AF0E9-6E4E-4BED-B8AB-5E3F565E639D}.Debug|x64.Build.0 = Debug|x64
		{A07AF0E9-6E4E-4BED-B8AB-5E3F565E639D}.Debug|x86.ActiveCfg = Debug|Win32
		{A07AF0E9-6E4E-4BED-B8AB-5E3F565E639D}.Debug|x86.Build.0 = Debug|Win32
		{A07AF0E9-6E4E-4BED-B8AB-5E3F565E639D}.Instrumented|Android-arm64-v8a.ActiveCfg = Instrumented|Android-arm64-v8a
		{A07AF0E9-6E4E-4BED-B8AB-5E3F565E639D}.Instrumented|Android-arm64-v8a.Build.0 = Instrumented|Android-arm64-v8a
		{A07AF0E9-6E4E-4BED-B8AB-5E3F565E639D}.Instrumented|Android-armeabi-v7a.ActiveCfg = Instrumented|Android-armeabi-v7a
		{A07AF0E9-6E4E-4BED-B8AB-5E3F565E639D}.Instrumented|Android-armeabi-v7a.Build.0 = Instrumented|Android-armeabi-v7a
		{A07AF0E9-6E4E-4BED-B8AB-5E3F565E639D}.Instrumented|Android-x86.ActiveCfg = Instrumented|Android-x86
		{A07AF0E9-6E4E-4BED-B8AB-5E3F565E639D}.Instrumented|Android-x86.Build.0 = Instrumented|Android-x86
		{A07AF0E9-6E4E-4BED-B8AB-5E3F565E639D}.Instrumented|Android-x86_64.ActiveCfg = Instrumented|Android-x86_64
		{A07AF0E9-6E4E-4BED-B8AB-5E3F565E639D}.Instrumented|Android-x86_64.Build.0 = Instrumented|Android-x86_64
		{A07AF0E9-6E4E-4BED-B8AB-5E3F565E639D}.Instrumented|x64.ActiveCfg = Instrumented|x64
		{A07AF0E9-6E4E-4BED-B8AB-5E3F565E639D}.Instrumented|x64.Build.0 = Instrumented|x64
		{A07AF0E9-6E4E-4BED-B8AB-5E3F565E639D}.Instrumented|x86.ActiveCfg = Instrumented|Win32
		{A07AF0E9-6E4E-4BED-B8AB-5E3F565E639D}.Instrumented|x86.Build.0 = Instrumented|Win32
		{A07AF0E9-6E4E-4BED-B8AB-5E3F565E639D}.Optimized|Android-arm64-v8a.ActiveCfg = Optimized|Android-arm64-v8a
		{A07AF0E9-6E4E-4BED-B8AB-5E3F565E639D}.Optimized|Android-arm64-v8a.Build.0 = Optimized|Android-arm64-v8a
		{A07AF0E9-6E4E-4BED-B8AB-5E3F565E639D}.Optimized|Android-armeabi-v7a.ActiveCfg = Optimized|Android-armeabi-v7a
		{A07AF0E9-6E4E-4BED-B8AB-5E3F565E639D}.Optimized|Android-armeabi-v7a.Build.0 = Optimized|Android-armeabi-v7a
		{A07AF0E9-6E4E-4BED-B8AB-5E3F565E639D}.Optimized|Android-x86.ActiveCfg = Optimized|Android-x86
		{A07AF0E9-6E4E-4BED-B8AB-5E3F565E639D}.Optimized|Android-x86.Build.0 = Optimized|Android-x86
		{A07AF0E9-6E4E-4BED-B8AB-5E3F565E639D}.Optimized|Android-x86_64.ActiveCfg = Optimized|Android-x86_64
		{A07AF0E9-6E4E-4BED-B8AB-5E3F565E639D}.Optimized|Android-x86_64.Build.0 = Optimized|Android-x86_64
		{A07AF0E9-6E4E-4BED-B8AB-5E3F565E639D}.Optimized|x64.ActiveCfg = Optimized|x64
		{A07AF0E9-6E4E-4BED-B8AB-5E3F565E639D}.Optimized|x64.Build.0 = Optimized|x64
		{A07AF0E9-6E4E-4BED-B8AB-5E3F565E639D}.Optimized|x86.ActiveCfg = Optimized|Win32
		{A07AF0E9-6E4E-4BED-B8AB-5E3F565E639D}.Optimized|x86.Build.0 = Optimized|Win32
		{A07AF0E9-6E4E-4BED-B8AB-5E3F565E639D}.Release|Android-arm64-v8a.ActiveCfg = Release|Android-arm64-v8a
		{A07AF0E9-6E4E-4BED-B8AB-5E3F565E639D}.Release|Android-arm64-v8a.Build.0 = Release|Android-arm64-v8a
		{A07AF0E9-6E4E-4BED-B8AB-5E3F565E639D}.Release|Android-armeabi-v7a.ActiveCfg = Release|Android-armeabi-v7a
		{A07AF0E9-6E4E-4BED-B8AB-5E3F565E639D}.Release|Android-armeabi-v7a.Build.0 = Release|Android-armeabi-v7a
		{A07AF0E9-6E4E-4BED-B8AB-5E3F565E639D}.Release|Android-x86.ActiveCfg = Release|Android-x86
		{A07AF0E9-6E4E-4BED-B8AB-5E3F565E639D}.Release|Android-x86.Build.0 = Release|Android-x86
		{A07AF0E9-6E4E-4BED-B8AB-5E3F565E639D}.Release|Android-x86_64.ActiveCfg = Release|Android-x86_64
		{A07AF0E9-6E4E-4BED-B8AB-5E3F565E639D}.Release|Android-x86_64.Build.0 = Release|Android-x86_64
		{A07AF0E9-6E4E-4BED-B8AB-5E3F565E639D}.Release|x64.ActiveCfg = Release|x64
		{A07AF0E9-6E4E-4BED-B8AB-5E3F565E639D}.Release|x64.Build.0 = Release|x64
		{A07AF0E9-6E4E-4BED-B8AB-5E3F565E639D}.Release|x86.ActiveCfg = Release|Win32
		{A07AF0E9-6E4E-4BED-B8AB-5E3F565E639D}.Release|x86.Build.0 = Release|Win32
		{382D675A-9F29-4D9E-925A-F89A295A3012}.Debug|Android-arm64-v8a.ActiveCfg = Debug|Android-arm64-v8a
		{382D675A-9F29-4D9E-925A-F89A295A3012}.Debug|Android-arm64-v8a.Build.0 = Debug|Android-arm64-v8a
		{382D675A-9F29-4D9E-925A-F89A295A3012}.Debug|Android-armeabi-v7a.ActiveCfg = Debug|Android-armeabi-v7a
		{382D675A-9F29-4D9E-925A-F89A295A3012}.Debug|Android-armeabi-v7a.Build.0 = Debug|Android-armeabi-v7a
		{382D675A-9F29-4D9E-925A-F89A295A3012}.Debug|Android-x86.ActiveCfg = Debug|Android-x86
		{382D675A-9F29-4D9E-925A-F89A295A3012}.Debug|Android-x86.Build.0 = Debug|Android-x86
		{382D675A-9F29-4D9E-925A-F89A295A3012}.Debug|Android-x86_64.ActiveCfg = Debug|Android-x86_64
		{382D675A-9F29-4D9E-925A-F89A295A3012}.Debug|Android-x86_64.Build.0 = Debug|Android-x86_64
		{382D675A-9F29-4D9E-925A-F89A295A3012}.Debug|x64.ActiveCfg = Debug|x64
		{382D675A-9F29-4D9E-925A-F89A295A3012}.Debug|x64.Build.0 = Debug|x64
		{382D675A-9F29-4D9E-925A-F89A295A3012}.Debug|x86.ActiveCfg = Debug|Win32
		{382D675A-9F29-4D9E-925A-F89A295A3012}.Debug|x86.Build.0 = Debug|Win32
		{382D675A-9F29-4D9E-925A-F89A295A3012}.Instrumented|Android-arm64-v8a.ActiveCfg = Instrumented|Android-arm64-v8a
		{382D675A-9F29-4D9E-925A-F89A295A3012}.Instrumented|Android-arm64-v8a.Build.0 = Instrumented|Android-arm64-v8a
		{382D675A-9F29-4D9E-925A-F89A295A3012}.Instrumented|Android-armeabi-v7a.ActiveCfg = Instrumented|Android-armeabi-v7a
		{382D675A-9F29-4D9E-925A-F89A295A3012}.Instrumented|Android-armeabi-v7a.Build.0 = Instrumented|Android-armeabi-v7a
		{382D675A-9F29-4D9E-925A-F89A295A3012}.Instrumented|Android-x86.ActiveCfg = Instrumented|Android-x86
		{382D675A-9F29-4D9E-925A-F89A295A3012}.Instrumented|Android-x86.Build.0 = Instrumented|Android-x86
		{382D675A-9F29-4D9E-925A-F89A295A3012}.Instrumented|Android-x86_64.ActiveCfg = Instrumented|Android-x86_64
		{382D675A-9F29-4D9E-925A-F89A295A3012}.Instrumented|Android-x86_64.Build.0 = Instrumented|Android-x86_64
		{382D675A-9F29-4D9E-925A-F89A295A3012}.Instrumented|x64.ActiveCfg = Instrumented|x64
		{382D675A-9F29-4D9E-925A-F89A295A3012}.Instrumented|x64.Build.0 = Instrumented|x64
		{382D675A-9F29-4D9E-925A-F89A295A3012}.Instrumented|x86.ActiveCfg = Instrumented|Win32
		{382D675A-9F29-4D9E-925A-F89A295A3012}.Instrumented|x86.Build.0 = Instrumented|Win32
		{382D675A-9F29-4D9E-925A-F89A295A3012}.Optimized|Android-arm64-v8a.ActiveCfg = Optimized|Android-arm64-v8a
		{382D675A-9F29-4D9E-925A-F89A295A3012}.Optimized|Android-arm64-v8a.Build.0 = Optimized|Android-arm64-v8a
		{382D675A-9F29-4D9E-925A-F89A295A3012}.Optimized|Android-armeabi-v7a.ActiveCfg = Optimized|Android-armeabi-v7a
		{382D675A-9F29-4D9E-925A-F89A295A3012}.Optimized|Android-armeabi-v7a.Build.0 = Optimized|Android-armeabi-v7a
		{382D675A-9F29-4D9E-925A-F89A295A3012}.Optimized|Android-x86.ActiveCfg = Optimized|Android-x86
		{382D675A-9F29-4D9E-925A-F89A295A3012}.Optimized|Android-x86.Build.0 = Optimized|Android-x86
		{382D675A-9F29-4D9E-925A-F89A295A3012}.Optimized|Android-x86_64.ActiveCfg = Optimized|Android-x86_64
		{382D675A-9F29-4D9E-925A-F89A295A3012}.Optimized|Android-x86_64.Build.0 = Optimized|Android-x86_64
		{382D675A-9F29-4D9E-925A-F89A295A3012}.Optimized|x64.ActiveCfg = Optimized|x64
		{382D675A-9F29-4D9E-925A-F89A295A3012}.Optimized|x64.Build.0 = Optimized|x64
		{382D675A-9F29-4D9E-925A-F89A295A3012}.Optimized|x86.ActiveCfg = Optimized|Win32
		{382D675A-9F29-4D9E-925A-F89A295A3012}.Optimized|x86.Build.0 = Optimized|Win32
		{382D675A-9F29-4D9E-925A-F89A295A3012}.Release|Android-arm64-v8a.ActiveCfg = Release|Android-arm64-v8a
		{382D675A-9F29-4D9E-925A-F89A295A3012}.Release|Android-arm64-v8a.Build.0 = Release|Android-arm64-v8a
		{382D675A-9F29-4D9E-925A-F89A295A3012}.Release|Android-armeabi-v7a.ActiveCfg = Release|Android-armeabi-v7a
		{382D675A-9F29-4D9E-925A-F89A295A3012}.Release|Android-armeabi-v7a.Build.0 = Release|Android-armeabi-v7a
		{382D675A-9F29-4D9E-925A-F89A295A3012}.Release|Android-x86.ActiveCfg = Release|Android-x86
		{382D675A-9F29-4D9E-925A-F89A295A3012}.Release|Android-x86.Build.0 = Release|Android-x86
		{382D675A-9F29-4D9E-925A-F89A295A3012}.Release|Android-x86_64.ActiveCfg = Release|Android-x86_64
		{382D675A-9F29-4D9E-925A-F89A295A3012}.Release|Android-x86_64.Build.0 = Release|Android-x86_64
		{382D675A-9F29-4D9E-925A-F89A295A3012}.Release|x64.ActiveCfg = Release|x64
		{382D675A-9F29-4D9E-925A-F89A295A3012}.Release|x64.Build.0 = Release|x64
		{382D675A-9F29-4D9E-925A-F89A295A3012}.Release|x86.ActiveCfg = Release|Win32
		{382D675A-9F29-4D9E-925A-F89A295A3012}.Release|x86.Build.0 = Release|Win32
		{991F34D0-E1E0-4833-ABA3-25AF229BC6D5}.Debug|Android-arm64-v8a.ActiveCfg = Debug|Android-arm64-v8a
		{991F34D0-E1E0-4833-ABA3-25AF229BC6D5}.Debug|Android-arm64-v8a.Build.0 = Debug|Android-arm64-v8a
		{991F34D0-E1E0-4833-ABA3-25AF229BC6D5}.Debug|Android-armeabi-v7a.ActiveCfg = Debug|Android-armeabi-v7a
		{991F34D0-E1E0-4833-ABA3-25AF229BC6D5}.Debug|Android-armeabi-v7a.Build.0 = Debug|Android-armeabi-v7a
		{991F34D0-E1E0-4833-ABA3-25AF229BC6D5}.Debug|Android-x86.ActiveCfg = Debug|Android-x86
		{991F34D0-E1E0-4833-ABA3-25AF229BC6D5}.Debug|Android-x86.Build.0 = Debug|Android-x86
		{991F34D0-E1E0-4833-ABA3-25AF229BC6D5}.Debug|Android-x86_64.ActiveCfg = Debug|Android-x86_64
		{991F34D0-E1E0-4833-ABA3-25AF229BC6D5}.Debug|Android-x86_64.Build.0 = Debug|Android-x86_64
		{991F34D0-E1E0-4833-ABA3-25AF229BC6D5}.Debug|x64.ActiveCfg = Debug|x64
		{991F34D0-E1E0-4833-ABA3-25AF229BC6D5}.Debug|x64.Build.0 = Debug|x64
		{991F34D0-E1E0-4833-ABA3-25AF229BC6D5}.Debug|x86.ActiveCfg = Debug|Win32
		{991F34D0-E1E0-4833-ABA3-25AF229BC6D5}.Debug|x86.Build.0 = Debug|Win32
		{991F34D0-E1E0-4833-ABA3-25AF229BC6D5}.Instrumented|Android-arm64-v8a.ActiveCfg = Instrumented|Android-arm64-v8a
		{991F34D0-E1E0-4833-ABA3-25AF229BC6D5}.Instrumented|Android-arm64-v8a.Build.0 = Instrumented|Android-arm64-v8a
		{991F34D0-E1E0-4833-ABA3-25AF229BC6D5}.Instrumented|Android-armeabi-v7a.ActiveCfg = Instrumented|Android-armeabi-v7a
		{991F34D0-E1E0-4833-ABA3-25AF229BC6D5}.Instrumented|Android-armeabi-v7a.Build.0 = Instrumented|Android-armeabi-v7a
		{991F34D0-E1E0-4833-ABA3-25AF229BC6D5}.Instrumented|Android-x86.ActiveCfg = Instrumented|Android-x86
		{991F34D0-E1E0-4833-ABA3-25AF229BC6D5}.Instrumented|Android-x86.Build.0 = Instrumented|Android-x86
		{991F34D0-E1E0-4833-ABA3-25AF229BC6D5}.Instrumented|Android-x86_64.ActiveCfg = Instrumented|Android-x86_64
		{991F34D0-E1E0-4833-ABA3-25AF229BC6D5}.Instrumented|Android-x86_64.Build.0 = Instrumented|Android-x86_64
		{991F34D0-E1E0-4833-ABA3-25AF229BC6D5}.Instrumented|x64.ActiveCfg = Instrumented|x64
		{991F34D0-E1E0-4833-ABA3-25AF229BC6D5}.Instrumented|x64.Build.0 = Instrumented|x64
		{991F34D0-E1E0-4833-ABA3-25AF229BC6D5}.Instrumented|x86.ActiveCfg = Instrumented|Win32
		{991F34D0-E1E0-4833-ABA3-25AF229BC6D5}.Instrumented|x86.Build.0 = Instrumented|Win32
		{991F34D0-E1E0-4833-ABA3-25AF229BC6D5}.Optimized|Android-arm64-v8a.ActiveCfg = Optimized|Android-arm64-v8a
		{991F34D0-E1E0-4833-ABA3-25AF229BC6D5}.Optimized|Android-arm64-v8a.Build.0 = Optimized|Android-arm64-v8a
		{991F34D0-E1E0-4833-ABA3-25AF229BC6D5}.Optimized|Android-armeabi-v7a.ActiveCfg = Optimized|Android-armeabi-v7a
		{991F34D0-E1E0-4833-ABA3-25AF229BC6D5}.Optimized|Android-armeabi-v7a.Build.0 = Optimized|Android-armeabi-v7a
		{991F34D0-E1E0-4833-ABA3-25AF229BC6D5}.Optimized|Android-x86.ActiveCfg = Optimized|Android-x86
		{991F34D0-E1E0-4833-ABA3-25AF229BC6D5}.Optimized|Android-x86.Build.0 = Optimized|Android-x86
		{991F34D0-E1E0-4833-ABA3-25AF229BC6D5}.Optimized|Android-x86_64.ActiveCfg = Optimized|Android-x86_64
		{991F34D0-E1E0-4833-ABA3-25AF229BC6D5}.Optimized|Android-x86_64.Build.0 = Optimized|Android-x86_64
		{991F34D0-E1E0-4833-ABA3-25AF229BC6D5}.Optimized|x64.ActiveCfg = Optimized|x64
		{991F34D0-E1E0-4833-ABA3-25AF229BC6D5}.Optimized|x64.Build.0 = Optimized|x64
		{991F34D0-E1E0-4833-ABA3-25AF229BC6D5}.Optimized|x86.ActiveCfg = Optimized|Win32
		{991F34D0-E1E0-4833-ABA3-25AF229BC6D5}.Optimized|x86.Build.0 = Optimized|Win32
		{991F34D0-E1E0-4833-ABA3-25AF229BC6D5}.Release|Android-arm64-v8a.ActiveCfg = Release|Android-arm64-v8a
		{991F34D0-E1E0-4833-ABA3-25AF229BC6D5}.Release|Android-arm64-v8a.Build.0 = Release|Android-arm64-v8a
		{991F34D0-E1E0-4833-ABA3-25AF229BC6D5}.Release|Android-armeabi-v7a.ActiveCfg = Release|Android-armeabi-v7a
		{991F34D0-E1E0-4833-ABA3-25AF229BC6D5}.Release|Android-armeabi-v7a.Build.0 = Release|Android-armeabi-v7a
		{991F34D0-E1E0-4833-ABA3-25AF229BC6D5}.Release|Android-x86.ActiveCfg = Release|Android-x86
		{991F34D0-E1E0-4833-ABA3-25AF229BC6D5}.Release|Android-x86.Build.0 = Release|Android-x86
		{991F34D0-E1E0-4833-ABA3-25AF229BC6D5}.Release|Android-x86_64.ActiveCfg = Release|Android-x86_64
		{991F34D0-E1E0-4833-ABA3-25AF229BC6D5}.Release|Android-x86_64.Build.0 = Release|Android-x86_64
		{991F34D0-E1E0-4833-ABA3-25AF229BC6D5}.Release|x64.ActiveCfg = Release|x64
		{991F34D0-E1E0-4833-ABA3-25AF229BC6D5}.Release|x64.Build.0 = Release|x64
		{991F34D0-E1E0-4833-ABA3-25AF229BC6D5}.Release|x86.ActiveCfg = Release|Win32
		{991F34D0-E1E0-4833-ABA3-25AF229BC6D5}.Release|x86.Build.0 = Release|Win32
	EndGlobalSection
	GlobalSection(SolutionProperties) = preSolution
		HideSolutionNode = FALSE
	EndGlobalSection
	GlobalSection(ExtensibilityGlobals) = postSolution
		SolutionGuid = {3829547B-CAC5-4EC4-9AA5-E49100D57F8E}
	EndGlobalSection
EndGlobal
