
Microsoft Visual Studio Solution File, Format Version 12.00
# Visual Studio 15
VisualStudioVersion = 15.0.28307.902
MinimumVisualStudioVersion = 10.0.40219.1
Project("{8BC9CEB8-8B4A-11D0-8D11-00A0C91BC942}") = "HelloJNI", "HelloJNI\HelloJNI.vcxproj", "{3A69BCA0-721C-44C0-AC70-3872753374A6}"
EndProject
Global
	GlobalSection(SolutionConfigurationPlatforms) = preSolution
		Debug|Android-arm64-v8a = Debug|Android-arm64-v8a
		Debug|Android-armeabi-v7a = Debug|Android-armeabi-v7a
		Debug|Android-x86 = Debug|Android-x86
		Debug|Android-x86_64 = Debug|Android-x86_64
		Debug|x64 = Debug|x64
		Debug|x86 = Debug|x86
		Release|Android-arm64-v8a = Release|Android-arm64-v8a
		Release|Android-armeabi-v7a = Release|Android-armeabi-v7a
		Release|Android-x86 = Release|Android-x86
		Release|Android-x86_64 = Release|Android-x86_64
		Release|x64 = Release|x64
		Release|x86 = Release|x86
	EndGlobalSection
	GlobalSection(ProjectConfigurationPlatforms) = postSolution
		{3A69BCA0-721C-44C0-AC70-3872753374A6}.Debug|Android-arm64-v8a.ActiveCfg = Debug|Android-arm64-v8a
		{3A69BCA0-721C-44C0-AC70-3872753374A6}.Debug|Android-arm64-v8a.Build.0 = Debug|Android-arm64-v8a
		{3A69BCA0-721C-44C0-AC70-3872753374A6}.Debug|Android-armeabi-v7a.ActiveCfg = Debug|Android-armeabi-v7a
		{3A69BCA0-721C-44C0-AC70-3872753374A6}.Debug|Android-armeabi-v7a.Build.0 = Debug|Android-armeabi-v7a
		{3A69BCA0-721C-44C0-AC70-3872753374A6}.Debug|Android-x86.ActiveCfg = Debug|Android-x86
		{3A69BCA0-721C-44C0-AC70-3872753374A6}.Debug|Android-x86.Build.0 = Debug|Android-x86
		{3A69BCA0-721C-44C0-AC70-3872753374A6}.Debug|Android-x86_64.ActiveCfg = Debug|Android-x86_64
		{3A69BCA0-721C-44C0-AC70-3872753374A6}.Debug|Android-x86_64.Build.0 = Debug|Android-x86_64
		{3A69BCA0-721C-44C0-AC70-3872753374A6}.Debug|x64.ActiveCfg = Debug|x64
		{3A69BCA0-721C-44C0-AC70-3872753374A6}.Debug|x64.Build.0 = Debug|x64
		{3A69BCA0-721C-44C0-AC70-3872753374A6}.Debug|x86.ActiveCfg = Debug|Win32
		{3A69BCA0-721C-44C0-AC70-3872753374A6}.Debug|x86.Build.0 = Debug|Win32
		{3A69BCA0-721C-44C0-AC70-3872753374A6}.Release|Android-arm64-v8a.ActiveCfg = Release|Android-arm64-v8a
		{3A69BCA0-721C-44C0-AC70-3872753374A6}.Release|Android-arm64-v8a.Build.0 = Release|Android-arm64-v8a
		{3A69BCA0-721C-44C0-AC70-3872753374A6}.Release|Android-armeabi-v7a.ActiveCfg = Release|Android-armeabi-v7a
		{3A69BCA0-721C-44C0-AC70-3872753374A6}.Release|Android-armeabi-v7a.Build.0 = Release|Android-armeabi-v7a
		{3A69BCA0-721C-44C0-AC70-3872753374A6}.Release|Android-x86.ActiveCfg = Release|Android-x86
		{3A69BCA0-721C-44C0-AC70-3872753374A6}.Release|Android-x86.Build.0 = Release|Android-x86
		{3A69BCA0-721C-44C0-AC70-3872753374A6}.Release|Android-x86_64.ActiveCfg = Release|Android-x86_64
		{3A69BCA0-721C-44C0-AC70-3872753374A6}.Release|Android-x86_64.Build.0 = Release|Android-x86_64
		{3A69BCA0-721C-44C0-AC70-3872753374A6}.Release|x64.ActiveCfg = Release|x64
		{3A69BCA0-721C-44C0-AC70-3872753374A6}.Release|x64.Build.0 = Release|x64
		{3A69BCA0-721C-44C0-AC70-3872753374A6}.Release|x86.ActiveCfg = Release|Win32
		{3A69BCA0-721C-44C0-AC70-3872753374A6}.Release|x86.Build.0 = Release|Win32
	EndGlobalSection
	GlobalSection(SolutionProperties) = preSolution
		HideSolutionNode = FALSE
	EndGlobalSection
	GlobalSection(ExtensibilityGlobals) = postSolution
		SolutionGuid = {3142C50D-495E-471E-A6B1-1E555B3ADA9B}
	EndGlobalSection
EndGlobal
